
Microsoft Visual Studio Solution File, Format Version 12.00
# Visual Studio 15
Project("{FAE04EC0-301F-11D3-BF4B-00C04F79EFBC}") = "AdminService", "AdminService.csproj", "{AE19E464-C1F7-4107-B169-6B5F4DC6B59F}"
EndProject
Global
	GlobalSection(SolutionConfigurationPlatforms) = preSolution
		Debug|Any CPU = Debug|Any CPU
		Release|Any CPU = Release|Any CPU
	EndGlobalSection
	GlobalSection(ProjectConfigurationPlatforms) = postSolution
		{AE19E464-C1F7-4107-B169-6B5F4DC6B59F}.Debug|Any CPU.ActiveCfg = Debug|Any CPU
		{AE19E464-C1F7-4107-B169-6B5F4DC6B59F}.Debug|Any CPU.Build.0 = Debug|Any CPU
		{AE19E464-C1F7-4107-B169-6B5F4DC6B59F}.Release|Any CPU.ActiveCfg = Release|Any CPU
		{AE19E464-C1F7-4107-B169-6B5F4DC6B59F}.Release|Any CPU.Build.0 = Release|Any CPU
	EndGlobalSection
EndGlobal
